// !$*UTF8*$!
{
	archiveVersion = 1;
	classes = {
	};
	objectVersion = 77;
	objects = {

/* Begin PBXBuildFile section */
		AA11BB22CC33DD44EE55FF66 /* Assets.xcassets in Resources */ = {isa = PBXBuildFile; fileRef = FF66EE55DD44CC33BB22AA11 /* Assets.xcassets */; };
		02E867BF2E7368FEAEDA8816 /* ReadingState.swift in Sources */ = {isa = PBXBuildFile; fileRef = 890BEB6EDE29DE4F4A045DE0 /* ReadingState.swift */; };
		08F04072FFAEF43B08A530D2 /* ReadingViewModel.swift in Sources */ = {isa = PBXBuildFile; fileRef = 63FC0621529BD18B27646D24 /* ReadingViewModel.swift */; };
		10F71204246B4AAF801A531A /* ReadingStateTests.swift in Sources */ = {isa = PBXBuildFile; fileRef = 072C3B11508155B65070BD25 /* ReadingStateTests.swift */; };
		1F21EE50C704F4F763E0336C /* EncodingDetector.swift in Sources */ = {isa = PBXBuildFile; fileRef = 3BC0B59C23C002E6087CBD2E /* EncodingDetector.swift */; };
		3438FF43CADB788CCE214040 /* SettingsViewModelTests.swift in Sources */ = {isa = PBXBuildFile; fileRef = 78B4AE21527A88CE02CA4F2C /* SettingsViewModelTests.swift */; };
		425B41CA21018F8D3C475355 /* NovelReaderApp.swift in Sources */ = {isa = PBXBuildFile; fileRef = AD5468FFD2CE9D9E4CDBA357 /* NovelReaderApp.swift */; };
		4682F62F88426D4F54DF6252 /* AppSettings.swift in Sources */ = {isa = PBXBuildFile; fileRef = 913276274D142A547E278830 /* AppSettings.swift */; };
		4CF33800EEF7011A5863A637 /* Chapter.swift in Sources */ = {isa = PBXBuildFile; fileRef = F5171BA5700A256006CD11FC /* Chapter.swift */; };
		4FCEE1C2C62E466C962680EF /* FloatingWindowController.swift in Sources */ = {isa = PBXBuildFile; fileRef = A4873445B4923FDE784C3F9B /* FloatingWindowController.swift */; };
		5320830615C497FCDCC38100 /* ReadingContentView.swift in Sources */ = {isa = PBXBuildFile; fileRef = 400ED245B8D94ECD85649355 /* ReadingContentView.swift */; };
		5597BA8A7D16741D8C4DF8F0 /* Bookmark.swift in Sources */ = {isa = PBXBuildFile; fileRef = 59CED2EAEF9DA023F7DF80D1 /* Bookmark.swift */; };
		6151C59E16EBC76AFA1B67CF /* BookmarkTests.swift in Sources */ = {isa = PBXBuildFile; fileRef = 1CB81E8560FBE6FB3C60743F /* BookmarkTests.swift */; };
		76A8FAFCA9FD19E3C547DD71 /* PersistenceService.swift in Sources */ = {isa = PBXBuildFile; fileRef = F8B06D4D88308B46BE6556CF /* PersistenceService.swift */; };
		7D7236C69F96D1A1B2572859 /* FloatingWindow.swift in Sources */ = {isa = PBXBuildFile; fileRef = BA717222D1E2C6B4AACB009A /* FloatingWindow.swift */; };
		81D8C083267DC7BCDB796B29 /* SettingsView.swift in Sources */ = {isa = PBXBuildFile; fileRef = 487E928331377B0BB97E6897 /* SettingsView.swift */; };
		873B4D5190F00A3E4A342217 /* ReadingView.swift in Sources */ = {isa = PBXBuildFile; fileRef = 79B046870C5A5DE05B9A95EC /* ReadingView.swift */; };
		893D2A32733DA4BDAECD27B3 /* LibraryView.swift in Sources */ = {isa = PBXBuildFile; fileRef = AE5C4D572FB8CC16EC96D742 /* LibraryView.swift */; };
		93E4CBCAC556056AA51AB0CF /* ReadingViewModelTests.swift in Sources */ = {isa = PBXBuildFile; fileRef = 42AD1517D67C1A2E3CD6775A /* ReadingViewModelTests.swift */; };
		9F17D355C94120B08125FE20 /* SettingsComponents.swift in Sources */ = {isa = PBXBuildFile; fileRef = F34E69979E1CA7FC3FEBBE13 /* SettingsComponents.swift */; };
		A4C540B7AD2B518B8C4ED3FF /* FileManagerServiceTests.swift in Sources */ = {isa = PBXBuildFile; fileRef = D6BEC2F24CB01D0DD2352374 /* FileManagerServiceTests.swift */; };
		A93941A37B94E9F6BB7FC599 /* ChapterListView.swift in Sources */ = {isa = PBXBuildFile; fileRef = 1038D47530C4E60F15883ABE /* ChapterListView.swift */; };
		AF9A111F86EF29555FF64BDC /* PersistenceServiceTests.swift in Sources */ = {isa = PBXBuildFile; fileRef = 6E0C2A0434406F1F1BDABE89 /* PersistenceServiceTests.swift */; };
		BDB3F425C48DA1BB2ADCEBC8 /* SettingsViewModel.swift in Sources */ = {isa = PBXBuildFile; fileRef = EAA43903D7D4743E7BC39333 /* SettingsViewModel.swift */; };
		DACDB0C5996FEA5399722981 /* ChapterParser.swift in Sources */ = {isa = PBXBuildFile; fileRef = 12DF6463E99A14EE7A86D573 /* ChapterParser.swift */; };
		DE549BD9FE4414F062D9EF24 /* EncodingDetectorTests.swift in Sources */ = {isa = PBXBuildFile; fileRef = 72B0D4D6117AFF1725C5E2C3 /* EncodingDetectorTests.swift */; };
		E2280F2D22736B64CFF4E6F2 /* FileManagerService.swift in Sources */ = {isa = PBXBuildFile; fileRef = F2C66BD5F6890CB4C238B763 /* FileManagerService.swift */; };
		EB563AB54B8F87AFECEAC203 /* BookItem.swift in Sources */ = {isa = PBXBuildFile; fileRef = 28A51A8E5B369BA512CF5287 /* BookItem.swift */; };
		F2E7411CE34E1DBB728A3D06 /* AppSettingsTests.swift in Sources */ = {isa = PBXBuildFile; fileRef = 70BD2AA8143271B093F02EC8 /* AppSettingsTests.swift */; };
/* End PBXBuildFile section */

/* Begin PBXContainerItemProxy section */
		323AE07584DB6CD3BDE2335E /* PBXContainerItemProxy */ = {
			isa = PBXContainerItemProxy;
			containerPortal = DDF257CEE18D75384BC10762 /* Project object */;
			proxyType = 1;
			remoteGlobalIDString = 3A4129EE831ED5506F4DE0E6;
			remoteInfo = NovelReader;
		};
/* End PBXContainerItemProxy section */

/* Begin PBXFileReference section */
		FF66EE55DD44CC33BB22AA11 /* Assets.xcassets */ = {isa = PBXFileReference; lastKnownFileType = folder.assetcatalog; path = Assets.xcassets; sourceTree = "<group>"; };
		072C3B11508155B65070BD25 /* ReadingStateTests.swift */ = {isa = PBXFileReference; lastKnownFileType = sourcecode.swift; path = ReadingStateTests.swift; sourceTree = "<group>"; };
		1038D47530C4E60F15883ABE /* ChapterListView.swift */ = {isa = PBXFileReference; lastKnownFileType = sourcecode.swift; path = ChapterListView.swift; sourceTree = "<group>"; };
		12DB6F45CCFA3963AA9CE4BB /* .gitkeep */ = {isa = PBXFileReference; path = .gitkeep; sourceTree = "<group>"; };
		12DF6463E99A14EE7A86D573 /* ChapterParser.swift */ = {isa = PBXFileReference; lastKnownFileType = sourcecode.swift; path = ChapterParser.swift; sourceTree = "<group>"; };
		1CB81E8560FBE6FB3C60743F /* BookmarkTests.swift */ = {isa = PBXFileReference; lastKnownFileType = sourcecode.swift; path = BookmarkTests.swift; sourceTree = "<group>"; };
		22CD6A5061111CDE92547DCE /* .gitkeep */ = {isa = PBXFileReference; path = .gitkeep; sourceTree = "<group>"; };
		28A51A8E5B369BA512CF5287 /* BookItem.swift */ = {isa = PBXFileReference; lastKnownFileType = sourcecode.swift; path = BookItem.swift; sourceTree = "<group>"; };
		3BC0B59C23C002E6087CBD2E /* EncodingDetector.swift */ = {isa = PBXFileReference; lastKnownFileType = sourcecode.swift; path = EncodingDetector.swift; sourceTree = "<group>"; };
		400ED245B8D94ECD85649355 /* ReadingContentView.swift */ = {isa = PBXFileReference; lastKnownFileType = sourcecode.swift; path = ReadingContentView.swift; sourceTree = "<group>"; };
		42AD1517D67C1A2E3CD6775A /* ReadingViewModelTests.swift */ = {isa = PBXFileReference; lastKnownFileType = sourcecode.swift; path = ReadingViewModelTests.swift; sourceTree = "<group>"; };
		487E928331377B0BB97E6897 /* SettingsView.swift */ = {isa = PBXFileReference; lastKnownFileType = sourcecode.swift; path = SettingsView.swift; sourceTree = "<group>"; };
		496B96BB838A6B30B58D2D5F /* Info.plist */ = {isa = PBXFileReference; lastKnownFileType = text.plist; path = Info.plist; sourceTree = "<group>"; };
		51D74D3C235CD57D52DF4300 /* NovelReader.app */ = {isa = PBXFileReference; explicitFileType = wrapper.application; includeInIndex = 0; path = NovelReader.app; sourceTree = BUILT_PRODUCTS_DIR; };
		59CED2EAEF9DA023F7DF80D1 /* Bookmark.swift */ = {isa = PBXFileReference; lastKnownFileType = sourcecode.swift; path = Bookmark.swift; sourceTree = "<group>"; };
		63FC0621529BD18B27646D24 /* ReadingViewModel.swift */ = {isa = PBXFileReference; lastKnownFileType = sourcecode.swift; path = ReadingViewModel.swift; sourceTree = "<group>"; };
		6A6ECC4F33C3C7D730332C8B /* .gitkeep */ = {isa = PBXFileReference; path = .gitkeep; sourceTree = "<group>"; };
		6BF090C5ACF0302B86DE0D27 /* .gitkeep */ = {isa = PBXFileReference; path = .gitkeep; sourceTree = "<group>"; };
		6E0C2A0434406F1F1BDABE89 /* PersistenceServiceTests.swift */ = {isa = PBXFileReference; lastKnownFileType = sourcecode.swift; path = PersistenceServiceTests.swift; sourceTree = "<group>"; };
		70BD2AA8143271B093F02EC8 /* AppSettingsTests.swift */ = {isa = PBXFileReference; lastKnownFileType = sourcecode.swift; path = AppSettingsTests.swift; sourceTree = "<group>"; };
		72B0D4D6117AFF1725C5E2C3 /* EncodingDetectorTests.swift */ = {isa = PBXFileReference; lastKnownFileType = sourcecode.swift; path = EncodingDetectorTests.swift; sourceTree = "<group>"; };
		78B4AE21527A88CE02CA4F2C /* SettingsViewModelTests.swift */ = {isa = PBXFileReference; lastKnownFileType = sourcecode.swift; path = SettingsViewModelTests.swift; sourceTree = "<group>"; };
		79B046870C5A5DE05B9A95EC /* ReadingView.swift */ = {isa = PBXFileReference; lastKnownFileType = sourcecode.swift; path = ReadingView.swift; sourceTree = "<group>"; };
		84F6160B61AD6C94040A3329 /* .gitkeep */ = {isa = PBXFileReference; path = .gitkeep; sourceTree = "<group>"; };
		890BEB6EDE29DE4F4A045DE0 /* ReadingState.swift */ = {isa = PBXFileReference; lastKnownFileType = sourcecode.swift; path = ReadingState.swift; sourceTree = "<group>"; };
		913276274D142A547E278830 /* AppSettings.swift */ = {isa = PBXFileReference; lastKnownFileType = sourcecode.swift; path = AppSettings.swift; sourceTree = "<group>"; };
		926A46B94B83443595674FCB /* .gitkeep */ = {isa = PBXFileReference; path = .gitkeep; sourceTree = "<group>"; };
		A4873445B4923FDE784C3F9B /* FloatingWindowController.swift */ = {isa = PBXFileReference; lastKnownFileType = sourcecode.swift; path = FloatingWindowController.swift; sourceTree = "<group>"; };
		AD5468FFD2CE9D9E4CDBA357 /* NovelReaderApp.swift */ = {isa = PBXFileReference; lastKnownFileType = sourcecode.swift; path = NovelReaderApp.swift; sourceTree = "<group>"; };
		AE5C4D572FB8CC16EC96D742 /* LibraryView.swift */ = {isa = PBXFileReference; lastKnownFileType = sourcecode.swift; path = LibraryView.swift; sourceTree = "<group>"; };
		BA717222D1E2C6B4AACB009A /* FloatingWindow.swift */ = {isa = PBXFileReference; lastKnownFileType = sourcecode.swift; path = FloatingWindow.swift; sourceTree = "<group>"; };
		D6BEC2F24CB01D0DD2352374 /* FileManagerServiceTests.swift */ = {isa = PBXFileReference; lastKnownFileType = sourcecode.swift; path = FileManagerServiceTests.swift; sourceTree = "<group>"; };
		DE4ED5EECD65DCE8C42EB888 /* NovelReaderTests.xctest */ = {isa = PBXFileReference; explicitFileType = wrapper.cfbundle; includeInIndex = 0; path = NovelReaderTests.xctest; sourceTree = BUILT_PRODUCTS_DIR; };
		EAA43903D7D4743E7BC39333 /* SettingsViewModel.swift */ = {isa = PBXFileReference; lastKnownFileType = sourcecode.swift; path = SettingsViewModel.swift; sourceTree = "<group>"; };
		F2C66BD5F6890CB4C238B763 /* FileManagerService.swift */ = {isa = PBXFileReference; lastKnownFileType = sourcecode.swift; path = FileManagerService.swift; sourceTree = "<group>"; };
		F34E69979E1CA7FC3FEBBE13 /* SettingsComponents.swift */ = {isa = PBXFileReference; lastKnownFileType = sourcecode.swift; path = SettingsComponents.swift; sourceTree = "<group>"; };
		F5171BA5700A256006CD11FC /* Chapter.swift */ = {isa = PBXFileReference; lastKnownFileType = sourcecode.swift; path = Chapter.swift; sourceTree = "<group>"; };
		F8B06D4D88308B46BE6556CF /* PersistenceService.swift */ = {isa = PBXFileReference; lastKnownFileType = sourcecode.swift; path = PersistenceService.swift; sourceTree = "<group>"; };
/* End PBXFileReference section */

/* Begin PBXGroup section */
		1D7EC835E2F0EB5E922434E3 /* ViewModels */ = {
			isa = PBXGroup;
			children = (
				926A46B94B83443595674FCB /* .gitkeep */,
				63FC0621529BD18B27646D24 /* ReadingViewModel.swift */,
				EAA43903D7D4743E7BC39333 /* SettingsViewModel.swift */,
			);
			path = ViewModels;
			sourceTree = "<group>";
		};
		22B38DA891CC3A967A3B99C0 /* Services */ = {
			isa = PBXGroup;
			children = (
				6A6ECC4F33C3C7D730332C8B /* .gitkeep */,
				F2C66BD5F6890CB4C238B763 /* FileManagerService.swift */,
				F8B06D4D88308B46BE6556CF /* PersistenceService.swift */,
			);
			path = Services;
			sourceTree = "<group>";
		};
		36D6AD5FE0F94656548CAAE0 /* Services */ = {
			isa = PBXGroup;
			children = (
				D6BEC2F24CB01D0DD2352374 /* FileManagerServiceTests.swift */,
				6E0C2A0434406F1F1BDABE89 /* PersistenceServiceTests.swift */,
			);
			path = Services;
			sourceTree = "<group>";
		};
		3E7FBAC6B6B389995FD14216 /* Utils */ = {
			isa = PBXGroup;
			children = (
				6BF090C5ACF0302B86DE0D27 /* .gitkeep */,
				12DF6463E99A14EE7A86D573 /* ChapterParser.swift */,
				3BC0B59C23C002E6087CBD2E /* EncodingDetector.swift */,
			);
			path = Utils;
			sourceTree = "<group>";
		};
		69C7CDC8BE131683B0A6BC29 /* Models */ = {
			isa = PBXGroup;
			children = (
				70BD2AA8143271B093F02EC8 /* AppSettingsTests.swift */,
				1CB81E8560FBE6FB3C60743F /* BookmarkTests.swift */,
				072C3B11508155B65070BD25 /* ReadingStateTests.swift */,
			);
			path = Models;
			sourceTree = "<group>";
		};
		7CB7C2401DAA3137634163F1 /* Models */ = {
			isa = PBXGroup;
			children = (
				913276274D142A547E278830 /* AppSettings.swift */,
				28A51A8E5B369BA512CF5287 /* BookItem.swift */,
				59CED2EAEF9DA023F7DF80D1 /* Bookmark.swift */,
				F5171BA5700A256006CD11FC /* Chapter.swift */,
				890BEB6EDE29DE4F4A045DE0 /* ReadingState.swift */,
			);
			path = Models;
			sourceTree = "<group>";
		};
		A172EF796E6242BF66F433B7 /* NovelReaderTests */ = {
			isa = PBXGroup;
			children = (
				84F6160B61AD6C94040A3329 /* .gitkeep */,
				69C7CDC8BE131683B0A6BC29 /* Models */,
				36D6AD5FE0F94656548CAAE0 /* Services */,
				C6129FE3875AAD49FB61CB31 /* Utils */,
				CF3085A2E53E5599139E8683 /* ViewModels */,
			);
			path = NovelReaderTests;
			sourceTree = "<group>";
		};
		A62511F78167B979C6246D02 /* Window */ = {
			isa = PBXGroup;
			children = (
				12DB6F45CCFA3963AA9CE4BB /* .gitkeep */,
				BA717222D1E2C6B4AACB009A /* FloatingWindow.swift */,
				A4873445B4923FDE784C3F9B /* FloatingWindowController.swift */,
			);
			path = Window;
			sourceTree = "<group>";
		};
		B3134DE9D30950F701F364CD = {
			isa = PBXGroup;
			children = (
				B50231C61B2C9FDE2824D6F0 /* NovelReader */,
				A172EF796E6242BF66F433B7 /* NovelReaderTests */,
				BAFBBE25EFCA1134B2F8A026 /* Products */,
			);
			sourceTree = "<group>";
		};
		B50231C61B2C9FDE2824D6F0 /* NovelReader */ = {
			isa = PBXGroup;
			children = (
				FF66EE55DD44CC33BB22AA11 /* Assets.xcassets */,
				496B96BB838A6B30B58D2D5F /* Info.plist */,
				AD5468FFD2CE9D9E4CDBA357 /* NovelReaderApp.swift */,
				7CB7C2401DAA3137634163F1 /* Models */,
				22B38DA891CC3A967A3B99C0 /* Services */,
				3E7FBAC6B6B389995FD14216 /* Utils */,
				1D7EC835E2F0EB5E922434E3 /* ViewModels */,
				FDFF60BD8399CAA973627E5D /* Views */,
				A62511F78167B979C6246D02 /* Window */,
			);
			path = NovelReader;
			sourceTree = "<group>";
		};
		BAFBBE25EFCA1134B2F8A026 /* Products */ = {
			isa = PBXGroup;
			children = (
				51D74D3C235CD57D52DF4300 /* NovelReader.app */,
				DE4ED5EECD65DCE8C42EB888 /* NovelReaderTests.xctest */,
			);
			name = Products;
			sourceTree = "<group>";
		};
		C6129FE3875AAD49FB61CB31 /* Utils */ = {
			isa = PBXGroup;
			children = (
				72B0D4D6117AFF1725C5E2C3 /* EncodingDetectorTests.swift */,
			);
			path = Utils;
			sourceTree = "<group>";
		};
		CF3085A2E53E5599139E8683 /* ViewModels */ = {
			isa = PBXGroup;
			children = (
				42AD1517D67C1A2E3CD6775A /* ReadingViewModelTests.swift */,
				78B4AE21527A88CE02CA4F2C /* SettingsViewModelTests.swift */,
			);
			path = ViewModels;
			sourceTree = "<group>";
		};
		FDFF60BD8399CAA973627E5D /* Views */ = {
			isa = PBXGroup;
			children = (
				22CD6A5061111CDE92547DCE /* .gitkeep */,
				1038D47530C4E60F15883ABE /* ChapterListView.swift */,
				AE5C4D572FB8CC16EC96D742 /* LibraryView.swift */,
				400ED245B8D94ECD85649355 /* ReadingContentView.swift */,
				79B046870C5A5DE05B9A95EC /* ReadingView.swift */,
				F34E69979E1CA7FC3FEBBE13 /* SettingsComponents.swift */,
				487E928331377B0BB97E6897 /* SettingsView.swift */,
			);
			path = Views;
			sourceTree = "<group>";
		};
/* End PBXGroup section */

/* Begin PBXNativeTarget section */
		24194C325FDD3FA51F864F79 /* NovelReaderTests */ = {
			isa = PBXNativeTarget;
			buildConfigurationList = 6FFBBA9F4594CD3C3D8016F8 /* Build configuration list for PBXNativeTarget "NovelReaderTests" */;
			buildPhases = (
				85DF81F9BA8D3D434AFA9951 /* Sources */,
			);
			buildRules = (
			);
			dependencies = (
				586FBB47AB6A71DBC4424052 /* PBXTargetDependency */,
			);
			name = NovelReaderTests;
			packageProductDependencies = (
			);
			productName = NovelReaderTests;
			productReference = DE4ED5EECD65DCE8C42EB888 /* NovelReaderTests.xctest */;
			productType = "com.apple.product-type.bundle.unit-test";
		};
		3A4129EE831ED5506F4DE0E6 /* NovelReader */ = {
			isa = PBXNativeTarget;
			buildConfigurationList = 049D13E25DAFB810B19DAFF1 /* Build configuration list for PBXNativeTarget "NovelReader" */;
			buildPhases = (
				51145169193469BA972183A0 /* Sources */,
				112233445566778899AABBCC /* Resources */,
			);
			buildRules = (
			);
			dependencies = (
			);
			name = NovelReader;
			packageProductDependencies = (
			);
			productName = NovelReader;
			productReference = 51D74D3C235CD57D52DF4300 /* NovelReader.app */;
			productType = "com.apple.product-type.application";
		};
/* End PBXNativeTarget section */

/* Begin PBXProject section */
		DDF257CEE18D75384BC10762 /* Project object */ = {
			isa = PBXProject;
			attributes = {
				BuildIndependentTargetsInParallel = YES;
				LastUpgradeCheck = 1500;
				TargetAttributes = {
				};
			};
			buildConfigurationList = B7B6D9B37C35F6C8C98C20BD /* Build configuration list for PBXProject "NovelReader" */;
			developmentRegion = en;
			hasScannedForEncodings = 0;
			knownRegions = (
				Base,
				en,
			);
			mainGroup = B3134DE9D30950F701F364CD;
			minimizedProjectReferenceProxies = 1;
			preferredProjectObjectVersion = 77;
			productRefGroup = BAFBBE25EFCA1134B2F8A026 /* Products */;
			projectDirPath = "";
			projectRoot = "";
			targets = (
				3A4129EE831ED5506F4DE0E6 /* NovelReader */,
				24194C325FDD3FA51F864F79 /* NovelReaderTests */,
			);
		};
/* End PBXProject section */

/* Begin PBXResourcesBuildPhase section */
		112233445566778899AABBCC /* Resources */ = {
			isa = PBXResourcesBuildPhase;
			buildActionMask = 2147483647;
			files = (
				AA11BB22CC33DD44EE55FF66 /* Assets.xcassets in Resources */,
			);
			runOnlyForDeploymentPostprocessing = 0;
		};
/* End PBXResourcesBuildPhase section */

/* Begin PBXSourcesBuildPhase section */
		51145169193469BA972183A0 /* Sources */ = {
			isa = PBXSourcesBuildPhase;
			buildActionMask = 2147483647;
			files = (
				4682F62F88426D4F54DF6252 /* AppSettings.swift in Sources */,
				EB563AB54B8F87AFECEAC203 /* BookItem.swift in Sources */,
				5597BA8A7D16741D8C4DF8F0 /* Bookmark.swift in Sources */,
				4CF33800EEF7011A5863A637 /* Chapter.swift in Sources */,
				A93941A37B94E9F6BB7FC599 /* ChapterListView.swift in Sources */,
				DACDB0C5996FEA5399722981 /* ChapterParser.swift in Sources */,
				1F21EE50C704F4F763E0336C /* EncodingDetector.swift in Sources */,
				E2280F2D22736B64CFF4E6F2 /* FileManagerService.swift in Sources */,
				7D7236C69F96D1A1B2572859 /* FloatingWindow.swift in Sources */,
				4FCEE1C2C62E466C962680EF /* FloatingWindowController.swift in Sources */,
				893D2A32733DA4BDAECD27B3 /* LibraryView.swift in Sources */,
				425B41CA21018F8D3C475355 /* NovelReaderApp.swift in Sources */,
				76A8FAFCA9FD19E3C547DD71 /* PersistenceService.swift in Sources */,
				5320830615C497FCDCC38100 /* ReadingContentView.swift in Sources */,
				02E867BF2E7368FEAEDA8816 /* ReadingState.swift in Sources */,
				873B4D5190F00A3E4A342217 /* ReadingView.swift in Sources */,
				08F04072FFAEF43B08A530D2 /* ReadingViewModel.swift in Sources */,
				9F17D355C94120B08125FE20 /* SettingsComponents.swift in Sources */,
				81D8C083267DC7BCDB796B29 /* SettingsView.swift in Sources */,
				BDB3F425C48DA1BB2ADCEBC8 /* SettingsViewModel.swift in Sources */,
			);
			runOnlyForDeploymentPostprocessing = 0;
		};
		85DF81F9BA8D3D434AFA9951 /* Sources */ = {
			isa = PBXSourcesBuildPhase;
			buildActionMask = 2147483647;
			files = (
				F2E7411CE34E1DBB728A3D06 /* AppSettingsTests.swift in Sources */,
				6151C59E16EBC76AFA1B67CF /* BookmarkTests.swift in Sources */,
				DE549BD9FE4414F062D9EF24 /* EncodingDetectorTests.swift in Sources */,
				A4C540B7AD2B518B8C4ED3FF /* FileManagerServiceTests.swift in Sources */,
				AF9A111F86EF29555FF64BDC /* PersistenceServiceTests.swift in Sources */,
				10F71204246B4AAF801A531A /* ReadingStateTests.swift in Sources */,
				93E4CBCAC556056AA51AB0CF /* ReadingViewModelTests.swift in Sources */,
				3438FF43CADB788CCE214040 /* SettingsViewModelTests.swift in Sources */,
			);
			runOnlyForDeploymentPostprocessing = 0;
		};
/* End PBXSourcesBuildPhase section */

/* Begin PBXTargetDependency section */
		586FBB47AB6A71DBC4424052 /* PBXTargetDependency */ = {
			isa = PBXTargetDependency;
			target = 3A4129EE831ED5506F4DE0E6 /* NovelReader */;
			targetProxy = 323AE07584DB6CD3BDE2335E /* PBXContainerItemProxy */;
		};
/* End PBXTargetDependency section */

/* Begin XCBuildConfiguration section */
		43820FD2365E4847F08798EE /* Release */ = {
			isa = XCBuildConfiguration;
			buildSettings = {
				ALWAYS_SEARCH_USER_PATHS = NO;
				CLANG_ANALYZER_NONNULL = YES;
				CLANG_ANALYZER_NUMBER_OBJECT_CONVERSION = YES_AGGRESSIVE;
				CLANG_CXX_LANGUAGE_STANDARD = "gnu++14";
				CLANG_CXX_LIBRARY = "libc++";
				CLANG_ENABLE_MODULES = YES;
				CLANG_ENABLE_OBJC_ARC = YES;
				CLANG_ENABLE_OBJC_WEAK = YES;
				CLANG_WARN_BLOCK_CAPTURE_AUTORELEASING = YES;
				CLANG_WARN_BOOL_CONVERSION = YES;
				CLANG_WARN_COMMA = YES;
				CLANG_WARN_CONSTANT_CONVERSION = YES;
				CLANG_WARN_DEPRECATED_OBJC_IMPLEMENTATIONS = YES;
				CLANG_WARN_DIRECT_OBJC_ISA_USAGE = YES_ERROR;
				CLANG_WARN_DOCUMENTATION_COMMENTS = YES;
				CLANG_WARN_EMPTY_BODY = YES;
				CLANG_WARN_ENUM_CONVERSION = YES;
				CLANG_WARN_INFINITE_RECURSION = YES;
				CLANG_WARN_INT_CONVERSION = YES;
				CLANG_WARN_NON_LITERAL_NULL_CONVERSION = YES;
				CLANG_WARN_OBJC_IMPLICIT_RETAIN_SELF = YES;
				CLANG_WARN_OBJC_LITERAL_CONVERSION = YES;
				CLANG_WARN_OBJC_ROOT_CLASS = YES_ERROR;
				CLANG_WARN_QUOTED_INCLUDE_IN_FRAMEWORK_HEADER = YES;
				CLANG_WARN_RANGE_LOOP_ANALYSIS = YES;
				CLANG_WARN_STRICT_PROTOTYPES = YES;
				CLANG_WARN_SUSPICIOUS_MOVE = YES;
				CLANG_WARN_UNGUARDED_AVAILABILITY = YES_AGGRESSIVE;
				CLANG_WARN_UNREACHABLE_CODE = YES;
				CLANG_WARN__DUPLICATE_METHOD_MATCH = YES;
				COPY_PHASE_STRIP = NO;
				DEBUG_INFORMATION_FORMAT = "dwarf-with-dsym";
				ENABLE_NS_ASSERTIONS = NO;
				ENABLE_STRICT_OBJC_MSGSEND = YES;
				GCC_C_LANGUAGE_STANDARD = gnu11;
				GCC_NO_COMMON_BLOCKS = YES;
				GCC_WARN_64_TO_32_BIT_CONVERSION = YES;
				GCC_WARN_ABOUT_RETURN_TYPE = YES_ERROR;
				GCC_WARN_UNDECLARED_SELECTOR = YES;
				GCC_WARN_UNINITIALIZED_AUTOS = YES_AGGRESSIVE;
				GCC_WARN_UNUSED_FUNCTION = YES;
				GCC_WARN_UNUSED_VARIABLE = YES;
				MACOSX_DEPLOYMENT_TARGET = 13.0;
				MTL_ENABLE_DEBUG_INFO = NO;
				MTL_FAST_MATH = YES;
				PRODUCT_NAME = "摸摸鱼";
				SDKROOT = macosx;
				SWIFT_COMPILATION_MODE = wholemodule;
				SWIFT_OPTIMIZATION_LEVEL = "-O";
				SWIFT_VERSION = 5.0;
			};
			name = Release;
		};
		43A4461A00D28F633680DA77 /* Release */ = {
			isa = XCBuildConfiguration;
			buildSettings = {
				ASSETCATALOG_COMPILER_APPICON_NAME = AppIcon;
				CODE_SIGNING_REQUIRED = NO;
				CODE_SIGN_IDENTITY = "-";
				COMBINE_HIDPI_IMAGES = YES;
				INFOPLIST_FILE = NovelReader/Info.plist;
				LD_RUNPATH_SEARCH_PATHS = (
					"$(inherited)",
					"@executable_path/../Frameworks",
				);
				MACOSX_DEPLOYMENT_TARGET = 13.0;
				PRODUCT_BUNDLE_IDENTIFIER = com.novelreader.app;
				SDKROOT = macosx;
				SWIFT_VERSION = 5.9;
			};
			name = Release;
		};
		66DE0C2583DB76384991F871 /* Release */ = {
			isa = XCBuildConfiguration;
			buildSettings = {
				BUNDLE_LOADER = "$(TEST_HOST)";
				COMBINE_HIDPI_IMAGES = YES;
				LD_RUNPATH_SEARCH_PATHS = (
					"$(inherited)",
					"@executable_path/../Frameworks",
					"@loader_path/../Frameworks",
				);
				MACOSX_DEPLOYMENT_TARGET = 13.0;
				PRODUCT_BUNDLE_IDENTIFIER = com.novelreader.NovelReaderTests;
				SDKROOT = macosx;
				SWIFT_VERSION = 5.9;
				TEST_HOST = "$(BUILT_PRODUCTS_DIR)/NovelReader.app/Contents/MacOS/NovelReader";
			};
			name = Release;
		};
		79D3424C5B60A9AB89CCAAC3 /* Debug */ = {
			isa = XCBuildConfiguration;
			buildSettings = {
				ALWAYS_SEARCH_USER_PATHS = NO;
				CLANG_ANALYZER_NONNULL = YES;
				CLANG_ANALYZER_NUMBER_OBJECT_CONVERSION = YES_AGGRESSIVE;
				CLANG_CXX_LANGUAGE_STANDARD = "gnu++14";
				CLANG_CXX_LIBRARY = "libc++";
				CLANG_ENABLE_MODULES = YES;
				CLANG_ENABLE_OBJC_ARC = YES;
				CLANG_ENABLE_OBJC_WEAK = YES;
				CLANG_WARN_BLOCK_CAPTURE_AUTORELEASING = YES;
				CLANG_WARN_BOOL_CONVERSION = YES;
				CLANG_WARN_COMMA = YES;
				CLANG_WARN_CONSTANT_CONVERSION = YES;
				CLANG_WARN_DEPRECATED_OBJC_IMPLEMENTATIONS = YES;
				CLANG_WARN_DIRECT_OBJC_ISA_USAGE = YES_ERROR;
				CLANG_WARN_DOCUMENTATION_COMMENTS = YES;
				CLANG_WARN_EMPTY_BODY = YES;
				CLANG_WARN_ENUM_CONVERSION = YES;
				CLANG_WARN_INFINITE_RECURSION = YES;
				CLANG_WARN_INT_CONVERSION = YES;
				CLANG_WARN_NON_LITERAL_NULL_CONVERSION = YES;
				CLANG_WARN_OBJC_IMPLICIT_RETAIN_SELF = YES;
				CLANG_WARN_OBJC_LITERAL_CONVERSION = YES;
				CLANG_WARN_OBJC_ROOT_CLASS = YES_ERROR;
				CLANG_WARN_QUOTED_INCLUDE_IN_FRAMEWORK_HEADER = YES;
				CLANG_WARN_RANGE_LOOP_ANALYSIS = YES;
				CLANG_WARN_STRICT_PROTOTYPES = YES;
				CLANG_WARN_SUSPICIOUS_MOVE = YES;
				CLANG_WARN_UNGUARDED_AVAILABILITY = YES_AGGRESSIVE;
				CLANG_WARN_UNREACHABLE_CODE = YES;
				CLANG_WARN__DUPLICATE_METHOD_MATCH = YES;
				COPY_PHASE_STRIP = NO;
				DEBUG_INFORMATION_FORMAT = dwarf;
				ENABLE_STRICT_OBJC_MSGSEND = YES;
				ENABLE_TESTABILITY = YES;
				GCC_C_LANGUAGE_STANDARD = gnu11;
				GCC_DYNAMIC_NO_PIC = NO;
				GCC_NO_COMMON_BLOCKS = YES;
				GCC_OPTIMIZATION_LEVEL = 0;
				GCC_PREPROCESSOR_DEFINITIONS = (
					"$(inherited)",
					"DEBUG=1",
				);
				GCC_WARN_64_TO_32_BIT_CONVERSION = YES;
				GCC_WARN_ABOUT_RETURN_TYPE = YES_ERROR;
				GCC_WARN_UNDECLARED_SELECTOR = YES;
				GCC_WARN_UNINITIALIZED_AUTOS = YES_AGGRESSIVE;
				GCC_WARN_UNUSED_FUNCTION = YES;
				GCC_WARN_UNUSED_VARIABLE = YES;
				MACOSX_DEPLOYMENT_TARGET = 13.0;
				MTL_ENABLE_DEBUG_INFO = INCLUDE_SOURCE;
				MTL_FAST_MATH = YES;
				ONLY_ACTIVE_ARCH = YES;
				PRODUCT_NAME = "摸摸鱼";
				SDKROOT = macosx;
				SWIFT_ACTIVE_COMPILATION_CONDITIONS = DEBUG;
				SWIFT_OPTIMIZATION_LEVEL = "-Onone";
				SWIFT_VERSION = 5.0;
			};
			name = Debug;
		};
		C5C4CB019F3C0C9BB66F38DA /* Debug */ = {
			isa = XCBuildConfiguration;
			buildSettings = {
				BUNDLE_LOADER = "$(TEST_HOST)";
				COMBINE_HIDPI_IMAGES = YES;
				LD_RUNPATH_SEARCH_PATHS = (
					"$(inherited)",
					"@executable_path/../Frameworks",
					"@loader_path/../Frameworks",
				);
				MACOSX_DEPLOYMENT_TARGET = 13.0;
				PRODUCT_BUNDLE_IDENTIFIER = com.novelreader.NovelReaderTests;
				SDKROOT = macosx;
				SWIFT_VERSION = 5.9;
				TEST_HOST = "$(BUILT_PRODUCTS_DIR)/NovelReader.app/Contents/MacOS/NovelReader";
			};
			name = Debug;
		};
		D0E83C3FF04F3B99F2D644DB /* Debug */ = {
			isa = XCBuildConfiguration;
			buildSettings = {
				ASSETCATALOG_COMPILER_APPICON_NAME = AppIcon;
				CODE_SIGNING_REQUIRED = NO;
				CODE_SIGN_IDENTITY = "-";
				COMBINE_HIDPI_IMAGES = YES;
				INFOPLIST_FILE = NovelReader/Info.plist;
				LD_RUNPATH_SEARCH_PATHS = (
					"$(inherited)",
					"@executable_path/../Frameworks",
				);
				MACOSX_DEPLOYMENT_TARGET = 13.0;
				PRODUCT_BUNDLE_IDENTIFIER = com.novelreader.app;
				SDKROOT = macosx;
				SWIFT_VERSION = 5.9;
			};
			name = Debug;
		};
/* End XCBuildConfiguration section */

/* Begin XCConfigurationList section */
		049D13E25DAFB810B19DAFF1 /* Build configuration list for PBXNativeTarget "NovelReader" */ = {
			isa = XCConfigurationList;
			buildConfigurations = (
				D0E83C3FF04F3B99F2D644DB /* Debug */,
				43A4461A00D28F633680DA77 /* Release */,
			);
			defaultConfigurationIsVisible = 0;
			defaultConfigurationName = Debug;
		};
		6FFBBA9F4594CD3C3D8016F8 /* Build configuration list for PBXNativeTarget "NovelReaderTests" */ = {
			isa = XCConfigurationList;
			buildConfigurations = (
				C5C4CB019F3C0C9BB66F38DA /* Debug */,
				66DE0C2583DB76384991F871 /* Release */,
			);
			defaultConfigurationIsVisible = 0;
			defaultConfigurationName = Debug;
		};
		B7B6D9B37C35F6C8C98C20BD /* Build configuration list for PBXProject "NovelReader" */ = {
			isa = XCConfigurationList;
			buildConfigurations = (
				79D3424C5B60A9AB89CCAAC3 /* Debug */,
				43820FD2365E4847F08798EE /* Release */,
			);
			defaultConfigurationIsVisible = 0;
			defaultConfigurationName = Debug;
		};
/* End XCConfigurationList section */
	};
	rootObject = DDF257CEE18D75384BC10762 /* Project object */;
}
